
Microsoft Visual Studio Solution File, Format Version 12.00
# Visual Studio Version 16
VisualStudioVersion = 16.0.30804.86
MinimumVisualStudioVersion = 10.0.40219.1
Project("{FAE04EC0-301F-11D3-BF4B-00C04F79EFBC}") = "Palindromes", "Palindromes\Palindromes.csproj", "{FB11B1D2-1F9F-4258-A0F6-8B5C9DA118CF}"
EndProject
Project("{FAE04EC0-301F-11D3-BF4B-00C04F79EFBC}") = "Palindromes.Test", "Palindromes.Test\Palindromes.Test.csproj", "{3A0FCBFA-3130-405A-A90B-C9878DA95D79}"
EndProject
Global
	GlobalSection(SolutionConfigurationPlatforms) = preSolution
		Debug|Any CPU = Debug|Any CPU
		Release|Any CPU = Release|Any CPU
	EndGlobalSection
	GlobalSection(ProjectConfigurationPlatforms) = postSolution
		{FB11B1D2-1F9F-4258-A0F6-8B5C9DA118CF}.Debug|Any CPU.ActiveCfg = Debug|Any CPU
		{FB11B1D2-1F9F-4258-A0F6-8B5C9DA118CF}.Debug|Any CPU.Build.0 = Debug|Any CPU
		{FB11B1D2-1F9F-4258-A0F6-8B5C9DA118CF}.Release|Any CPU.ActiveCfg = Release|Any CPU
		{FB11B1D2-1F9F-4258-A0F6-8B5C9DA118CF}.Release|Any CPU.Build.0 = Release|Any CPU
		{3A0FCBFA-3130-405A-A90B-C9878DA95D79}.Debug|Any CPU.ActiveCfg = Debug|Any CPU
		{3A0FCBFA-3130-405A-A90B-C9878DA95D79}.Debug|Any CPU.Build.0 = Debug|Any CPU
		{3A0FCBFA-3130-405A-A90B-C9878DA95D79}.Release|Any CPU.ActiveCfg = Release|Any CPU
		{3A0FCBFA-3130-405A-A90B-C9878DA95D79}.Release|Any CPU.Build.0 = Release|Any CPU
	EndGlobalSection
	GlobalSection(SolutionProperties) = preSolution
		HideSolutionNode = FALSE
	EndGlobalSection
	GlobalSection(ExtensibilityGlobals) = postSolution
		SolutionGuid = {C233E7D1-0F90-48DC-822E-CB41EC67622E}
	EndGlobalSection
EndGlobal
